// !$*UTF8*$!
{
	archiveVersion = 1;
	classes = {
	};
	objectVersion = 50;
	objects = {

/* Begin PBXBuildFile section */
		910DBF0721E5E459004C27CF /* CategoryType.swift in Sources */ = {isa = PBXBuildFile; fileRef = 910DBF0621E5E459004C27CF /* CategoryType.swift */; };
		910DBF0921E5E478004C27CF /* TransactionType.swift in Sources */ = {isa = PBXBuildFile; fileRef = 910DBF0821E5E478004C27CF /* TransactionType.swift */; };
		910DBF0B21E5E488004C27CF /* FinanceManager.swift in Sources */ = {isa = PBXBuildFile; fileRef = 910DBF0A21E5E488004C27CF /* FinanceManager.swift */; };
		910DBF0D21E5E4A5004C27CF /* DateHelper.swift in Sources */ = {isa = PBXBuildFile; fileRef = 910DBF0C21E5E4A5004C27CF /* DateHelper.swift */; };
		910DBF0F21E5E5CE004C27CF /* DefaultExpenseCategories.plist in Resources */ = {isa = PBXBuildFile; fileRef = 910DBF0E21E5E5CE004C27CF /* DefaultExpenseCategories.plist */; };
		910DBF1121E5E5FB004C27CF /* DefaultIncomeCategories.plist in Resources */ = {isa = PBXBuildFile; fileRef = 910DBF1021E5E5FB004C27CF /* DefaultIncomeCategories.plist */; };
		910DBF1321E5E626004C27CF /* DefaultWallets.plist in Resources */ = {isa = PBXBuildFile; fileRef = 910DBF1221E5E626004C27CF /* DefaultWallets.plist */; };
		910DBF1521E5E93C004C27CF /* SetupManager.swift in Sources */ = {isa = PBXBuildFile; fileRef = 910DBF1421E5E93C004C27CF /* SetupManager.swift */; };
		91606AEB21E2FE1A00182E03 /* CoreDataHelper.swift in Sources */ = {isa = PBXBuildFile; fileRef = 91606AEA21E2FE1A00182E03 /* CoreDataHelper.swift */; };
		91606AF221E30A2300182E03 /* PersonalFinance.xcdatamodeld in Sources */ = {isa = PBXBuildFile; fileRef = 91606AF021E30A2300182E03 /* PersonalFinance.xcdatamodeld */; };
		91D5B92321BFA9A900F0373C /* AppDelegate.swift in Sources */ = {isa = PBXBuildFile; fileRef = 91D5B92221BFA9A900F0373C /* AppDelegate.swift */; };
		91D5B92521BFA9A900F0373C /* ViewController.swift in Sources */ = {isa = PBXBuildFile; fileRef = 91D5B92421BFA9A900F0373C /* ViewController.swift */; };
		91D5B92821BFA9A900F0373C /* Main.storyboard in Resources */ = {isa = PBXBuildFile; fileRef = 91D5B92621BFA9A900F0373C /* Main.storyboard */; };
		91D5B92A21BFA9AA00F0373C /* Assets.xcassets in Resources */ = {isa = PBXBuildFile; fileRef = 91D5B92921BFA9AA00F0373C /* Assets.xcassets */; };
		91D5B92D21BFA9AA00F0373C /* LaunchScreen.storyboard in Resources */ = {isa = PBXBuildFile; fileRef = 91D5B92B21BFA9AA00F0373C /* LaunchScreen.storyboard */; };
		91D5B93621BFADC600F0373C /* ApiHelper.swift in Sources */ = {isa = PBXBuildFile; fileRef = 91D5B93521BFADC600F0373C /* ApiHelper.swift */; };
		91D5B93921BFAF2600F0373C /* IncomeExpenseViewController.swift in Sources */ = {isa = PBXBuildFile; fileRef = 91D5B93821BFAF2600F0373C /* IncomeExpenseViewController.swift */; };
		91D5B93B21BFAF4400F0373C /* IncomeExpense.swift in Sources */ = {isa = PBXBuildFile; fileRef = 91D5B93A21BFAF4400F0373C /* IncomeExpense.swift */; };
		91D5B93D21BFAF7C00F0373C /* IncomeExpense.storyboard in Resources */ = {isa = PBXBuildFile; fileRef = 91D5B93C21BFAF7C00F0373C /* IncomeExpense.storyboard */; };
		F342487721EC3370009EABDE /* Account.storyboard in Resources */ = {isa = PBXBuildFile; fileRef = F342487621EC3370009EABDE /* Account.storyboard */; };
		F342487921EC3B10009EABDE /* AccountViewController.swift in Sources */ = {isa = PBXBuildFile; fileRef = F342487821EC3B10009EABDE /* AccountViewController.swift */; };
		F343F34A21EC6D420047F1F2 /* Category.storyboard in Resources */ = {isa = PBXBuildFile; fileRef = F343F34921EC6D420047F1F2 /* Category.storyboard */; };
		F343F34C21EC6D870047F1F2 /* CategoryViewController.swift in Sources */ = {isa = PBXBuildFile; fileRef = F343F34B21EC6D870047F1F2 /* CategoryViewController.swift */; };
		F343F34F21EC6E840047F1F2 /* Saving.storyboard in Resources */ = {isa = PBXBuildFile; fileRef = F343F34E21EC6E840047F1F2 /* Saving.storyboard */; };
		F343F35121EC6EB10047F1F2 /* SavingViewController.swift in Sources */ = {isa = PBXBuildFile; fileRef = F343F35021EC6EB10047F1F2 /* SavingViewController.swift */; };
		9294028B21EC3788005B5EA3 /* ReportCategoryDetailsViewController.swift in Sources */ = {isa = PBXBuildFile; fileRef = 9294028721EC3788005B5EA3 /* ReportCategoryDetailsViewController.swift */; };
		9294028C21EC3788005B5EA3 /* Report.storyboard in Resources */ = {isa = PBXBuildFile; fileRef = 9294028821EC3788005B5EA3 /* Report.storyboard */; };
		9294028D21EC3788005B5EA3 /* ReportViewController.swift in Sources */ = {isa = PBXBuildFile; fileRef = 9294028921EC3788005B5EA3 /* ReportViewController.swift */; };
		9294028E21EC3788005B5EA3 /* ReportTableViewCell.swift in Sources */ = {isa = PBXBuildFile; fileRef = 9294028A21EC3788005B5EA3 /* ReportTableViewCell.swift */; };
		F39AA20021DF15B500EAF89D /* Register.storyboard in Resources */ = {isa = PBXBuildFile; fileRef = F39AA1FF21DF15B500EAF89D /* Register.storyboard */; };
		F3DA9B6021EC4EB1001D9C02 /* Salary.storyboard in Resources */ = {isa = PBXBuildFile; fileRef = F3DA9B5F21EC4EB1001D9C02 /* Salary.storyboard */; };
		F3DA9B6221EC4ED2001D9C02 /* SalaryViewController.swift in Sources */ = {isa = PBXBuildFile; fileRef = F3DA9B6121EC4ED2001D9C02 /* SalaryViewController.swift */; };
		F3F21C8A21E44B340035DEB0 /* Setting.storyboard in Resources */ = {isa = PBXBuildFile; fileRef = F3F21C8921E44B340035DEB0 /* Setting.storyboard */; };
		F3F21C8E21E44E1A0035DEB0 /* TableViewController.swift in Sources */ = {isa = PBXBuildFile; fileRef = F3F21C8D21E44E1A0035DEB0 /* TableViewController.swift */; };
/* End PBXBuildFile section */

/* Begin PBXFileReference section */
		910DBF0621E5E459004C27CF /* CategoryType.swift */ = {isa = PBXFileReference; lastKnownFileType = sourcecode.swift; path = CategoryType.swift; sourceTree = "<group>"; };
		910DBF0821E5E478004C27CF /* TransactionType.swift */ = {isa = PBXFileReference; lastKnownFileType = sourcecode.swift; path = TransactionType.swift; sourceTree = "<group>"; };
		910DBF0A21E5E488004C27CF /* FinanceManager.swift */ = {isa = PBXFileReference; lastKnownFileType = sourcecode.swift; path = FinanceManager.swift; sourceTree = "<group>"; };
		910DBF0C21E5E4A5004C27CF /* DateHelper.swift */ = {isa = PBXFileReference; lastKnownFileType = sourcecode.swift; path = DateHelper.swift; sourceTree = "<group>"; };
		910DBF0E21E5E5CE004C27CF /* DefaultExpenseCategories.plist */ = {isa = PBXFileReference; lastKnownFileType = text.plist.xml; path = DefaultExpenseCategories.plist; sourceTree = "<group>"; };
		910DBF1021E5E5FB004C27CF /* DefaultIncomeCategories.plist */ = {isa = PBXFileReference; lastKnownFileType = text.plist.xml; path = DefaultIncomeCategories.plist; sourceTree = "<group>"; };
		910DBF1221E5E626004C27CF /* DefaultWallets.plist */ = {isa = PBXFileReference; lastKnownFileType = text.plist.xml; path = DefaultWallets.plist; sourceTree = "<group>"; };
		910DBF1421E5E93C004C27CF /* SetupManager.swift */ = {isa = PBXFileReference; lastKnownFileType = sourcecode.swift; path = SetupManager.swift; sourceTree = "<group>"; };
		91606AEA21E2FE1A00182E03 /* CoreDataHelper.swift */ = {isa = PBXFileReference; lastKnownFileType = sourcecode.swift; path = CoreDataHelper.swift; sourceTree = "<group>"; };
		91606AF121E30A2300182E03 /* PersonalFinance.xcdatamodel */ = {isa = PBXFileReference; lastKnownFileType = wrapper.xcdatamodel; path = PersonalFinance.xcdatamodel; sourceTree = "<group>"; };
		91D5B91F21BFA9A900F0373C /* PersonalFinance.app */ = {isa = PBXFileReference; explicitFileType = wrapper.application; includeInIndex = 0; path = PersonalFinance.app; sourceTree = BUILT_PRODUCTS_DIR; };
		91D5B92221BFA9A900F0373C /* AppDelegate.swift */ = {isa = PBXFileReference; lastKnownFileType = sourcecode.swift; path = AppDelegate.swift; sourceTree = "<group>"; };
		91D5B92421BFA9A900F0373C /* ViewController.swift */ = {isa = PBXFileReference; lastKnownFileType = sourcecode.swift; path = ViewController.swift; sourceTree = "<group>"; };
		91D5B92721BFA9A900F0373C /* Base */ = {isa = PBXFileReference; lastKnownFileType = file.storyboard; name = Base; path = Base.lproj/Main.storyboard; sourceTree = "<group>"; };
		91D5B92921BFA9AA00F0373C /* Assets.xcassets */ = {isa = PBXFileReference; lastKnownFileType = folder.assetcatalog; path = Assets.xcassets; sourceTree = "<group>"; };
		91D5B92C21BFA9AA00F0373C /* Base */ = {isa = PBXFileReference; lastKnownFileType = file.storyboard; name = Base; path = Base.lproj/LaunchScreen.storyboard; sourceTree = "<group>"; };
		91D5B92E21BFA9AA00F0373C /* Info.plist */ = {isa = PBXFileReference; lastKnownFileType = text.plist.xml; path = Info.plist; sourceTree = "<group>"; };
		91D5B93521BFADC600F0373C /* ApiHelper.swift */ = {isa = PBXFileReference; lastKnownFileType = sourcecode.swift; path = ApiHelper.swift; sourceTree = "<group>"; };
		91D5B93821BFAF2600F0373C /* IncomeExpenseViewController.swift */ = {isa = PBXFileReference; lastKnownFileType = sourcecode.swift; path = IncomeExpenseViewController.swift; sourceTree = "<group>"; };
		91D5B93A21BFAF4400F0373C /* IncomeExpense.swift */ = {isa = PBXFileReference; lastKnownFileType = sourcecode.swift; path = IncomeExpense.swift; sourceTree = "<group>"; };
		91D5B93C21BFAF7C00F0373C /* IncomeExpense.storyboard */ = {isa = PBXFileReference; lastKnownFileType = file.storyboard; path = IncomeExpense.storyboard; sourceTree = "<group>"; };
		F342487621EC3370009EABDE /* Account.storyboard */ = {isa = PBXFileReference; lastKnownFileType = file.storyboard; path = Account.storyboard; sourceTree = "<group>"; };
		F342487821EC3B10009EABDE /* AccountViewController.swift */ = {isa = PBXFileReference; lastKnownFileType = sourcecode.swift; path = AccountViewController.swift; sourceTree = "<group>"; };
		F343F34921EC6D420047F1F2 /* Category.storyboard */ = {isa = PBXFileReference; lastKnownFileType = file.storyboard; path = Category.storyboard; sourceTree = "<group>"; };
		F343F34B21EC6D870047F1F2 /* CategoryViewController.swift */ = {isa = PBXFileReference; lastKnownFileType = sourcecode.swift; path = CategoryViewController.swift; sourceTree = "<group>"; };
		F343F34E21EC6E840047F1F2 /* Saving.storyboard */ = {isa = PBXFileReference; lastKnownFileType = file.storyboard; path = Saving.storyboard; sourceTree = "<group>"; };
		F343F35021EC6EB10047F1F2 /* SavingViewController.swift */ = {isa = PBXFileReference; lastKnownFileType = sourcecode.swift; path = SavingViewController.swift; sourceTree = "<group>"; };
		9294028721EC3788005B5EA3 /* ReportCategoryDetailsViewController.swift */ = {isa = PBXFileReference; fileEncoding = 4; lastKnownFileType = sourcecode.swift; path = ReportCategoryDetailsViewController.swift; sourceTree = "<group>"; };
		9294028821EC3788005B5EA3 /* Report.storyboard */ = {isa = PBXFileReference; fileEncoding = 4; lastKnownFileType = file.storyboard; path = Report.storyboard; sourceTree = "<group>"; };
		9294028921EC3788005B5EA3 /* ReportViewController.swift */ = {isa = PBXFileReference; fileEncoding = 4; lastKnownFileType = sourcecode.swift; path = ReportViewController.swift; sourceTree = "<group>"; };
		9294028A21EC3788005B5EA3 /* ReportTableViewCell.swift */ = {isa = PBXFileReference; fileEncoding = 4; lastKnownFileType = sourcecode.swift; path = ReportTableViewCell.swift; sourceTree = "<group>"; };
		F39AA1FF21DF15B500EAF89D /* Register.storyboard */ = {isa = PBXFileReference; lastKnownFileType = file.storyboard; path = Register.storyboard; sourceTree = "<group>"; };
		F3DA9B5F21EC4EB1001D9C02 /* Salary.storyboard */ = {isa = PBXFileReference; lastKnownFileType = file.storyboard; path = Salary.storyboard; sourceTree = "<group>"; };
		F3DA9B6121EC4ED2001D9C02 /* SalaryViewController.swift */ = {isa = PBXFileReference; lastKnownFileType = sourcecode.swift; path = SalaryViewController.swift; sourceTree = "<group>"; };
		F3F21C8921E44B340035DEB0 /* Setting.storyboard */ = {isa = PBXFileReference; lastKnownFileType = file.storyboard; path = Setting.storyboard; sourceTree = "<group>"; };
		F3F21C8D21E44E1A0035DEB0 /* TableViewController.swift */ = {isa = PBXFileReference; lastKnownFileType = sourcecode.swift; path = TableViewController.swift; sourceTree = "<group>"; };
/* End PBXFileReference section */

/* Begin PBXFrameworksBuildPhase section */
		91D5B91C21BFA9A900F0373C /* Frameworks */ = {
			isa = PBXFrameworksBuildPhase;
			buildActionMask = 2147483647;
			files = (
			);
			runOnlyForDeploymentPostprocessing = 0;
		};
/* End PBXFrameworksBuildPhase section */

/* Begin PBXGroup section */
		91606AE721E2FA2300182E03 /* Model */ = {
			isa = PBXGroup;
			children = (
				910DBF0621E5E459004C27CF /* CategoryType.swift */,
				910DBF0821E5E478004C27CF /* TransactionType.swift */,
				910DBF0A21E5E488004C27CF /* FinanceManager.swift */,
			);
			path = Model;
			sourceTree = "<group>";
		};
		91606AF321E319AC00182E03 /* Resources */ = {
			isa = PBXGroup;
			children = (
				91606AF021E30A2300182E03 /* PersonalFinance.xcdatamodeld */,
				910DBF0E21E5E5CE004C27CF /* DefaultExpenseCategories.plist */,
				910DBF1021E5E5FB004C27CF /* DefaultIncomeCategories.plist */,
				910DBF1221E5E626004C27CF /* DefaultWallets.plist */,
			);
			path = Resources;
			sourceTree = "<group>";
		};
		91D5B91621BFA9A900F0373C = {
			isa = PBXGroup;
			children = (
				91D5B92121BFA9A900F0373C /* PersonalFinance */,
				91D5B92021BFA9A900F0373C /* Products */,
			);
			sourceTree = "<group>";
		};
		91D5B92021BFA9A900F0373C /* Products */ = {
			isa = PBXGroup;
			children = (
				91D5B91F21BFA9A900F0373C /* PersonalFinance.app */,
			);
			name = Products;
			sourceTree = "<group>";
		};
		91D5B92121BFA9A900F0373C /* PersonalFinance */ = {
			isa = PBXGroup;
			children = (
				9294028621EC3788005B5EA3 /* Report */,
				F3F21C8821E44B170035DEB0 /* Setting */,
				91606AF321E319AC00182E03 /* Resources */,
				91606AE721E2FA2300182E03 /* Model */,
				9221E98921E89B8B0086F74A /* Report */,
				F39AA1FE21DF0FA300EAF89D /* Register */,
				91D5B93421BFADAE00F0373C /* Helper */,
				91D5B93721BFAE5900F0373C /* IncomeExpense */,
				91D5B92221BFA9A900F0373C /* AppDelegate.swift */,
				91D5B92421BFA9A900F0373C /* ViewController.swift */,
				91D5B92621BFA9A900F0373C /* Main.storyboard */,
				91D5B92921BFA9AA00F0373C /* Assets.xcassets */,
				91D5B92B21BFA9AA00F0373C /* LaunchScreen.storyboard */,
				91D5B92E21BFA9AA00F0373C /* Info.plist */,
			);
			path = PersonalFinance;
			sourceTree = "<group>";
		};
		91D5B93421BFADAE00F0373C /* Helper */ = {
			isa = PBXGroup;
			children = (
				91D5B93521BFADC600F0373C /* ApiHelper.swift */,
				91606AEA21E2FE1A00182E03 /* CoreDataHelper.swift */,
				910DBF0C21E5E4A5004C27CF /* DateHelper.swift */,
				910DBF1421E5E93C004C27CF /* SetupManager.swift */,
			);
			path = Helper;
			sourceTree = "<group>";
		};
		91D5B93721BFAE5900F0373C /* IncomeExpense */ = {
			isa = PBXGroup;
			children = (
				91D5B93821BFAF2600F0373C /* IncomeExpenseViewController.swift */,
				91D5B93A21BFAF4400F0373C /* IncomeExpense.swift */,
				91D5B93C21BFAF7C00F0373C /* IncomeExpense.storyboard */,
			);
			path = IncomeExpense;
			sourceTree = "<group>";
		};
		F342487521EC3318009EABDE /* Account */ = {
			isa = PBXGroup;
			children = (
				F342487621EC3370009EABDE /* Account.storyboard */,
				F342487821EC3B10009EABDE /* AccountViewController.swift */,
			);
			path = Account;
			sourceTree = "<group>";
		};
		F343F34821EC6D310047F1F2 /* Category */ = {
			isa = PBXGroup;
			children = (
				F343F34921EC6D420047F1F2 /* Category.storyboard */,
				F343F34B21EC6D870047F1F2 /* CategoryViewController.swift */,
			);
			path = Category;
			sourceTree = "<group>";
		};
		F343F34D21EC6E750047F1F2 /* Saving */ = {
			isa = PBXGroup;
			children = (
				F343F34E21EC6E840047F1F2 /* Saving.storyboard */,
				F343F35021EC6EB10047F1F2 /* SavingViewController.swift */,
			);
			path = Saving;
			sourceTree = "<group>";
		};

		9294028621EC3788005B5EA3 /* Report */ = {
			isa = PBXGroup;
			children = (
				9294028721EC3788005B5EA3 /* ReportCategoryDetailsViewController.swift */,
				9294028821EC3788005B5EA3 /* Report.storyboard */,
				9294028921EC3788005B5EA3 /* ReportViewController.swift */,
				9294028A21EC3788005B5EA3 /* ReportTableViewCell.swift */,
			);
			path = Report;

			sourceTree = "<group>";
		};
		F39AA1FE21DF0FA300EAF89D /* Register */ = {
			isa = PBXGroup;
			children = (
				F39AA1FF21DF15B500EAF89D /* Register.storyboard */,
			);
			path = Register;
			sourceTree = "<group>";
		};
		F3DA9B5E21EC4E98001D9C02 /* Salary */ = {
			isa = PBXGroup;
			children = (
				F3DA9B5F21EC4EB1001D9C02 /* Salary.storyboard */,
				F3DA9B6121EC4ED2001D9C02 /* SalaryViewController.swift */,
			);
			path = Salary;
			sourceTree = "<group>";
		};
		F3F21C8821E44B170035DEB0 /* Setting */ = {
			isa = PBXGroup;
			children = (
				F343F34D21EC6E750047F1F2 /* Saving */,
				F343F34821EC6D310047F1F2 /* Category */,
				F342487521EC3318009EABDE /* Account */,
				F3DA9B5E21EC4E98001D9C02 /* Salary */,
				F3F21C8921E44B340035DEB0 /* Setting.storyboard */,
				F3F21C8D21E44E1A0035DEB0 /* TableViewController.swift */,
			);
			path = Setting;
			sourceTree = "<group>";
		};
/* End PBXGroup section */

/* Begin PBXNativeTarget section */
		91D5B91E21BFA9A900F0373C /* PersonalFinance */ = {
			isa = PBXNativeTarget;
			buildConfigurationList = 91D5B93121BFA9AA00F0373C /* Build configuration list for PBXNativeTarget "PersonalFinance" */;
			buildPhases = (
				91D5B91B21BFA9A900F0373C /* Sources */,
				91D5B91C21BFA9A900F0373C /* Frameworks */,
				91D5B91D21BFA9A900F0373C /* Resources */,
			);
			buildRules = (
			);
			dependencies = (
			);
			name = PersonalFinance;
			productName = PersonalFinance;
			productReference = 91D5B91F21BFA9A900F0373C /* PersonalFinance.app */;
			productType = "com.apple.product-type.application";
		};
/* End PBXNativeTarget section */

/* Begin PBXProject section */
		91D5B91721BFA9A900F0373C /* Project object */ = {
			isa = PBXProject;
			attributes = {
				LastSwiftUpdateCheck = 1010;
				LastUpgradeCheck = 1010;
				ORGANIZATIONNAME = "Daniel Gunawan";
				TargetAttributes = {
					91D5B91E21BFA9A900F0373C = {
						CreatedOnToolsVersion = 10.1;
					};
				};
			};
			buildConfigurationList = 91D5B91A21BFA9A900F0373C /* Build configuration list for PBXProject "PersonalFinance" */;
			compatibilityVersion = "Xcode 9.3";
			developmentRegion = en;
			hasScannedForEncodings = 0;
			knownRegions = (
				en,
				Base,
			);
			mainGroup = 91D5B91621BFA9A900F0373C;
			productRefGroup = 91D5B92021BFA9A900F0373C /* Products */;
			projectDirPath = "";
			projectRoot = "";
			targets = (
				91D5B91E21BFA9A900F0373C /* PersonalFinance */,
			);
		};
/* End PBXProject section */

/* Begin PBXResourcesBuildPhase section */
		91D5B91D21BFA9A900F0373C /* Resources */ = {
			isa = PBXResourcesBuildPhase;
			buildActionMask = 2147483647;
			files = (
				910DBF1121E5E5FB004C27CF /* DefaultIncomeCategories.plist in Resources */,
				F343F34F21EC6E840047F1F2 /* Saving.storyboard in Resources */,
				91D5B92D21BFA9AA00F0373C /* LaunchScreen.storyboard in Resources */,
				F342487721EC3370009EABDE /* Account.storyboard in Resources */,
				91D5B92A21BFA9AA00F0373C /* Assets.xcassets in Resources */,
				F3DA9B6021EC4EB1001D9C02 /* Salary.storyboard in Resources */,
				F343F34A21EC6D420047F1F2 /* Category.storyboard in Resources */,
				91D5B93D21BFAF7C00F0373C /* IncomeExpense.storyboard in Resources */,
				9294028C21EC3788005B5EA3 /* Report.storyboard in Resources */,
				91D5B92821BFA9A900F0373C /* Main.storyboard in Resources */,
				F39AA20021DF15B500EAF89D /* Register.storyboard in Resources */,
				F3F21C8A21E44B340035DEB0 /* Setting.storyboard in Resources */,
				910DBF0F21E5E5CE004C27CF /* DefaultExpenseCategories.plist in Resources */,
				910DBF1321E5E626004C27CF /* DefaultWallets.plist in Resources */,
			);
			runOnlyForDeploymentPostprocessing = 0;
		};
/* End PBXResourcesBuildPhase section */

/* Begin PBXSourcesBuildPhase section */
		91D5B91B21BFA9A900F0373C /* Sources */ = {
			isa = PBXSourcesBuildPhase;
			buildActionMask = 2147483647;
			files = (
				910DBF0B21E5E488004C27CF /* FinanceManager.swift in Sources */,
				F343F35121EC6EB10047F1F2 /* SavingViewController.swift in Sources */,
				91D5B93621BFADC600F0373C /* ApiHelper.swift in Sources */,
				F342487921EC3B10009EABDE /* AccountViewController.swift in Sources */,
				F3DA9B6221EC4ED2001D9C02 /* SalaryViewController.swift in Sources */,
				F343F34C21EC6D870047F1F2 /* CategoryViewController.swift in Sources */,
				910DBF0921E5E478004C27CF /* TransactionType.swift in Sources */,
				9294028E21EC3788005B5EA3 /* ReportTableViewCell.swift in Sources */,
				91D5B92521BFA9A900F0373C /* ViewController.swift in Sources */,
				91D5B93B21BFAF4400F0373C /* IncomeExpense.swift in Sources */,
				9294028B21EC3788005B5EA3 /* ReportCategoryDetailsViewController.swift in Sources */,
				F3F21C8E21E44E1A0035DEB0 /* TableViewController.swift in Sources */,
				91606AEB21E2FE1A00182E03 /* CoreDataHelper.swift in Sources */,
				9294028D21EC3788005B5EA3 /* ReportViewController.swift in Sources */,
				91D5B93921BFAF2600F0373C /* IncomeExpenseViewController.swift in Sources */,
				910DBF0721E5E459004C27CF /* CategoryType.swift in Sources */,
				91D5B92321BFA9A900F0373C /* AppDelegate.swift in Sources */,
				910DBF1521E5E93C004C27CF /* SetupManager.swift in Sources */,
				910DBF0D21E5E4A5004C27CF /* DateHelper.swift in Sources */,
				91606AF221E30A2300182E03 /* PersonalFinance.xcdatamodeld in Sources */,
			);
			runOnlyForDeploymentPostprocessing = 0;
		};
/* End PBXSourcesBuildPhase section */

/* Begin PBXVariantGroup section */
		91D5B92621BFA9A900F0373C /* Main.storyboard */ = {
			isa = PBXVariantGroup;
			children = (
				91D5B92721BFA9A900F0373C /* Base */,
			);
			name = Main.storyboard;
			sourceTree = "<group>";
		};
		91D5B92B21BFA9AA00F0373C /* LaunchScreen.storyboard */ = {
			isa = PBXVariantGroup;
			children = (
				91D5B92C21BFA9AA00F0373C /* Base */,
			);
			name = LaunchScreen.storyboard;
			sourceTree = "<group>";
		};
/* End PBXVariantGroup section */

/* Begin XCBuildConfiguration section */
		91D5B92F21BFA9AA00F0373C /* Debug */ = {
			isa = XCBuildConfiguration;
			buildSettings = {
				ALWAYS_SEARCH_USER_PATHS = NO;
				CLANG_ANALYZER_NONNULL = YES;
				CLANG_ANALYZER_NUMBER_OBJECT_CONVERSION = YES_AGGRESSIVE;
				CLANG_CXX_LANGUAGE_STANDARD = "gnu++14";
				CLANG_CXX_LIBRARY = "libc++";
				CLANG_ENABLE_MODULES = YES;
				CLANG_ENABLE_OBJC_ARC = YES;
				CLANG_ENABLE_OBJC_WEAK = YES;
				CLANG_WARN_BLOCK_CAPTURE_AUTORELEASING = YES;
				CLANG_WARN_BOOL_CONVERSION = YES;
				CLANG_WARN_COMMA = YES;
				CLANG_WARN_CONSTANT_CONVERSION = YES;
				CLANG_WARN_DEPRECATED_OBJC_IMPLEMENTATIONS = YES;
				CLANG_WARN_DIRECT_OBJC_ISA_USAGE = YES_ERROR;
				CLANG_WARN_DOCUMENTATION_COMMENTS = YES;
				CLANG_WARN_EMPTY_BODY = YES;
				CLANG_WARN_ENUM_CONVERSION = YES;
				CLANG_WARN_INFINITE_RECURSION = YES;
				CLANG_WARN_INT_CONVERSION = YES;
				CLANG_WARN_NON_LITERAL_NULL_CONVERSION = YES;
				CLANG_WARN_OBJC_IMPLICIT_RETAIN_SELF = YES;
				CLANG_WARN_OBJC_LITERAL_CONVERSION = YES;
				CLANG_WARN_OBJC_ROOT_CLASS = YES_ERROR;
				CLANG_WARN_RANGE_LOOP_ANALYSIS = YES;
				CLANG_WARN_STRICT_PROTOTYPES = YES;
				CLANG_WARN_SUSPICIOUS_MOVE = YES;
				CLANG_WARN_UNGUARDED_AVAILABILITY = YES_AGGRESSIVE;
				CLANG_WARN_UNREACHABLE_CODE = YES;
				CLANG_WARN__DUPLICATE_METHOD_MATCH = YES;
				CODE_SIGN_IDENTITY = "iPhone Developer";
				COPY_PHASE_STRIP = NO;
				DEBUG_INFORMATION_FORMAT = dwarf;
				ENABLE_STRICT_OBJC_MSGSEND = YES;
				ENABLE_TESTABILITY = YES;
				GCC_C_LANGUAGE_STANDARD = gnu11;
				GCC_DYNAMIC_NO_PIC = NO;
				GCC_NO_COMMON_BLOCKS = YES;
				GCC_OPTIMIZATION_LEVEL = 0;
				GCC_PREPROCESSOR_DEFINITIONS = (
					"DEBUG=1",
					"$(inherited)",
				);
				GCC_WARN_64_TO_32_BIT_CONVERSION = YES;
				GCC_WARN_ABOUT_RETURN_TYPE = YES_ERROR;
				GCC_WARN_UNDECLARED_SELECTOR = YES;
				GCC_WARN_UNINITIALIZED_AUTOS = YES_AGGRESSIVE;
				GCC_WARN_UNUSED_FUNCTION = YES;
				GCC_WARN_UNUSED_VARIABLE = YES;
				IPHONEOS_DEPLOYMENT_TARGET = 12.1;
				MTL_ENABLE_DEBUG_INFO = INCLUDE_SOURCE;
				MTL_FAST_MATH = YES;
				ONLY_ACTIVE_ARCH = YES;
				SDKROOT = iphoneos;
				SWIFT_ACTIVE_COMPILATION_CONDITIONS = DEBUG;
				SWIFT_OPTIMIZATION_LEVEL = "-Onone";
			};
			name = Debug;
		};
		91D5B93021BFA9AA00F0373C /* Release */ = {
			isa = XCBuildConfiguration;
			buildSettings = {
				ALWAYS_SEARCH_USER_PATHS = NO;
				CLANG_ANALYZER_NONNULL = YES;
				CLANG_ANALYZER_NUMBER_OBJECT_CONVERSION = YES_AGGRESSIVE;
				CLANG_CXX_LANGUAGE_STANDARD = "gnu++14";
				CLANG_CXX_LIBRARY = "libc++";
				CLANG_ENABLE_MODULES = YES;
				CLANG_ENABLE_OBJC_ARC = YES;
				CLANG_ENABLE_OBJC_WEAK = YES;
				CLANG_WARN_BLOCK_CAPTURE_AUTORELEASING = YES;
				CLANG_WARN_BOOL_CONVERSION = YES;
				CLANG_WARN_COMMA = YES;
				CLANG_WARN_CONSTANT_CONVERSION = YES;
				CLANG_WARN_DEPRECATED_OBJC_IMPLEMENTATIONS = YES;
				CLANG_WARN_DIRECT_OBJC_ISA_USAGE = YES_ERROR;
				CLANG_WARN_DOCUMENTATION_COMMENTS = YES;
				CLANG_WARN_EMPTY_BODY = YES;
				CLANG_WARN_ENUM_CONVERSION = YES;
				CLANG_WARN_INFINITE_RECURSION = YES;
				CLANG_WARN_INT_CONVERSION = YES;
				CLANG_WARN_NON_LITERAL_NULL_CONVERSION = YES;
				CLANG_WARN_OBJC_IMPLICIT_RETAIN_SELF = YES;
				CLANG_WARN_OBJC_LITERAL_CONVERSION = YES;
				CLANG_WARN_OBJC_ROOT_CLASS = YES_ERROR;
				CLANG_WARN_RANGE_LOOP_ANALYSIS = YES;
				CLANG_WARN_STRICT_PROTOTYPES = YES;
				CLANG_WARN_SUSPICIOUS_MOVE = YES;
				CLANG_WARN_UNGUARDED_AVAILABILITY = YES_AGGRESSIVE;
				CLANG_WARN_UNREACHABLE_CODE = YES;
				CLANG_WARN__DUPLICATE_METHOD_MATCH = YES;
				CODE_SIGN_IDENTITY = "iPhone Developer";
				COPY_PHASE_STRIP = NO;
				DEBUG_INFORMATION_FORMAT = "dwarf-with-dsym";
				ENABLE_NS_ASSERTIONS = NO;
				ENABLE_STRICT_OBJC_MSGSEND = YES;
				GCC_C_LANGUAGE_STANDARD = gnu11;
				GCC_NO_COMMON_BLOCKS = YES;
				GCC_WARN_64_TO_32_BIT_CONVERSION = YES;
				GCC_WARN_ABOUT_RETURN_TYPE = YES_ERROR;
				GCC_WARN_UNDECLARED_SELECTOR = YES;
				GCC_WARN_UNINITIALIZED_AUTOS = YES_AGGRESSIVE;
				GCC_WARN_UNUSED_FUNCTION = YES;
				GCC_WARN_UNUSED_VARIABLE = YES;
				IPHONEOS_DEPLOYMENT_TARGET = 12.1;
				MTL_ENABLE_DEBUG_INFO = NO;
				MTL_FAST_MATH = YES;
				SDKROOT = iphoneos;
				SWIFT_COMPILATION_MODE = wholemodule;
				SWIFT_OPTIMIZATION_LEVEL = "-O";
				VALIDATE_PRODUCT = YES;
			};
			name = Release;
		};
		91D5B93221BFA9AA00F0373C /* Debug */ = {
			isa = XCBuildConfiguration;
			buildSettings = {
				ASSETCATALOG_COMPILER_APPICON_NAME = AppIcon;
				CODE_SIGN_STYLE = Automatic;
				DEVELOPMENT_TEAM = 7DQGP7DU26;
				INFOPLIST_FILE = PersonalFinance/Info.plist;
				LD_RUNPATH_SEARCH_PATHS = (
					"$(inherited)",
					"@executable_path/Frameworks",
				);
				PRODUCT_BUNDLE_IDENTIFIER = com.danielgunawan.PersonalFinance;
				PRODUCT_NAME = "$(TARGET_NAME)";
				SWIFT_VERSION = 4.2;
				TARGETED_DEVICE_FAMILY = "1,2";
			};
			name = Debug;
		};
		91D5B93321BFA9AA00F0373C /* Release */ = {
			isa = XCBuildConfiguration;
			buildSettings = {
				ASSETCATALOG_COMPILER_APPICON_NAME = AppIcon;
				CODE_SIGN_STYLE = Automatic;
				DEVELOPMENT_TEAM = 7DQGP7DU26;
				INFOPLIST_FILE = PersonalFinance/Info.plist;
				LD_RUNPATH_SEARCH_PATHS = (
					"$(inherited)",
					"@executable_path/Frameworks",
				);
				PRODUCT_BUNDLE_IDENTIFIER = com.danielgunawan.PersonalFinance;
				PRODUCT_NAME = "$(TARGET_NAME)";
				SWIFT_VERSION = 4.2;
				TARGETED_DEVICE_FAMILY = "1,2";
			};
			name = Release;
		};
/* End XCBuildConfiguration section */

/* Begin XCConfigurationList section */
		91D5B91A21BFA9A900F0373C /* Build configuration list for PBXProject "PersonalFinance" */ = {
			isa = XCConfigurationList;
			buildConfigurations = (
				91D5B92F21BFA9AA00F0373C /* Debug */,
				91D5B93021BFA9AA00F0373C /* Release */,
			);
			defaultConfigurationIsVisible = 0;
			defaultConfigurationName = Release;
		};
		91D5B93121BFA9AA00F0373C /* Build configuration list for PBXNativeTarget "PersonalFinance" */ = {
			isa = XCConfigurationList;
			buildConfigurations = (
				91D5B93221BFA9AA00F0373C /* Debug */,
				91D5B93321BFA9AA00F0373C /* Release */,
			);
			defaultConfigurationIsVisible = 0;
			defaultConfigurationName = Release;
		};
/* End XCConfigurationList section */

/* Begin XCVersionGroup section */
		91606AF021E30A2300182E03 /* PersonalFinance.xcdatamodeld */ = {
			isa = XCVersionGroup;
			children = (
				91606AF121E30A2300182E03 /* PersonalFinance.xcdatamodel */,
			);
			currentVersion = 91606AF121E30A2300182E03 /* PersonalFinance.xcdatamodel */;
			path = PersonalFinance.xcdatamodeld;
			sourceTree = "<group>";
			versionGroupType = wrapper.xcdatamodel;
		};
/* End XCVersionGroup section */
	};
	rootObject = 91D5B91721BFA9A900F0373C /* Project object */;
}
